
Microsoft Visual Studio Solution File, Format Version 12.00
# Visual Studio Version 16
VisualStudioVersion = 16.0.31129.286
MinimumVisualStudioVersion = 10.0.40219.1
Project("{FAE04EC0-301F-11D3-BF4B-00C04F79EFBC}") = "x-calculator", "x-calculator.csproj", "{C053B487-64A9-4296-A558-D3A8C0C8E942}"
EndProject
Global
	GlobalSection(SolutionConfigurationPlatforms) = preSolution
		Debug|Any CPU = Debug|Any CPU
		Release|Any CPU = Release|Any CPU
	EndGlobalSection
	GlobalSection(ProjectConfigurationPlatforms) = postSolution
		{C053B487-64A9-4296-A558-D3A8C0C8E942}.Debug|Any CPU.ActiveCfg = Debug|Any CPU
		{C053B487-64A9-4296-A558-D3A8C0C8E942}.Debug|Any CPU.Build.0 = Debug|Any CPU
		{C053B487-64A9-4296-A558-D3A8C0C8E942}.Release|Any CPU.ActiveCfg = Release|Any CPU
		{C053B487-64A9-4296-A558-D3A8C0C8E942}.Release|Any CPU.Build.0 = Release|Any CPU
	EndGlobalSection
	GlobalSection(SolutionProperties) = preSolution
		HideSolutionNode = FALSE
	EndGlobalSection
	GlobalSection(ExtensibilityGlobals) = postSolution
		SolutionGuid = {491DBE7D-04A2-4718-A95E-BF970A94E08A}
	EndGlobalSection
EndGlobal
